{
  "version": "4",
  "specifiers": {
    "jsr:@online/is@0.0": "0.0.2",
    "jsr:@online/tinyserializer@^0.0.25": "0.0.25",
    "jsr:@std/assert@^1.0.10": "1.0.10",
    "jsr:@std/internal@^1.0.5": "1.0.5"
  },
  "jsr": {
    "@online/is@0.0.2": {
      "integrity": "9f3ca6190c4bef05f444938a3ea7896f316daf0ac58d40203f3f6131b17d371b"
    },
    "@online/tinyserializer@0.0.25": {
      "integrity": "367cac2a14e7c1a2133147b384be5c54f51008587797bb5eba945b0ed79866ad",
      "dependencies": [
        "jsr:@online/is"
      ]
    },
    "@std/assert@1.0.10": {
      "integrity": "59b5cbac5bd55459a19045d95cc7c2ff787b4f8527c0dd195078ff6f9481fbb3",
      "dependencies": [
        "jsr:@std/internal"
      ]
    },
    "@std/internal@1.0.5": {
      "integrity": "54a546004f769c1ac9e025abd15a76b6671ddc9687e2313b67376125650dc7ba"
    }
  },
  "workspace": {
    "dependencies": [
      "jsr:@online/tinyserializer@^0.0.25",
      "jsr:@std/assert@^1.0.10"
    ]
  }
}
